
Microsoft Visual Studio Solution File, Format Version 12.00
# Visual Studio Version 17
VisualStudioVersion = 17.9.34728.123
MinimumVisualStudioVersion = 10.0.40219.1
Project("{FAE04EC0-301F-11D3-BF4B-00C04F79EFBC}") = "FarmersMarket", "FarmersMarket\FarmersMarket.csproj", "{234150BB-7E42-45A3-A450-E60CFEC1201D}"
EndProject
Project("{FAE04EC0-301F-11D3-BF4B-00C04F79EFBC}") = "FarmersMarket.Database", "FarmersMarket.Database\FarmersMarket.Database.csproj", "{4DED6A4A-9454-44AF-B91B-79379AC60FA1}"
EndProject
Project("{FAE04EC0-301F-11D3-BF4B-00C04F79EFBC}") = "FarmersMarket.Logic", "FarmersMarket.Logic\FarmersMarket.Logic.csproj", "{1C3B7EF1-A949-4F6A-9BC3-39A696EB4CCA}"
EndProject
Project("{2150E333-8FDC-42A3-9474-1A3956D46DE8}") = "Documentation", "Documentation", "{F08A68DF-6B2B-4828-BB64-58E58882CCC8}"
	ProjectSection(SolutionItems) = preProject
		ReadMe.txt = ReadMe.txt
	EndProjectSection
EndProject
Global
	GlobalSection(SolutionConfigurationPlatforms) = preSolution
		Debug|Any CPU = Debug|Any CPU
		Release|Any CPU = Release|Any CPU
	EndGlobalSection
	GlobalSection(ProjectConfigurationPlatforms) = postSolution
		{234150BB-7E42-45A3-A450-E60CFEC1201D}.Debug|Any CPU.ActiveCfg = Debug|Any CPU
		{234150BB-7E42-45A3-A450-E60CFEC1201D}.Debug|Any CPU.Build.0 = Debug|Any CPU
		{234150BB-7E42-45A3-A450-E60CFEC1201D}.Release|Any CPU.ActiveCfg = Release|Any CPU
		{234150BB-7E42-45A3-A450-E60CFEC1201D}.Release|Any CPU.Build.0 = Release|Any CPU
		{4DED6A4A-9454-44AF-B91B-79379AC60FA1}.Debug|Any CPU.ActiveCfg = Debug|Any CPU
		{4DED6A4A-9454-44AF-B91B-79379AC60FA1}.Debug|Any CPU.Build.0 = Debug|Any CPU
		{4DED6A4A-9454-44AF-B91B-79379AC60FA1}.Release|Any CPU.ActiveCfg = Release|Any CPU
		{4DED6A4A-9454-44AF-B91B-79379AC60FA1}.Release|Any CPU.Build.0 = Release|Any CPU
		{1C3B7EF1-A949-4F6A-9BC3-39A696EB4CCA}.Debug|Any CPU.ActiveCfg = Debug|Any CPU
		{1C3B7EF1-A949-4F6A-9BC3-39A696EB4CCA}.Debug|Any CPU.Build.0 = Debug|Any CPU
		{1C3B7EF1-A949-4F6A-9BC3-39A696EB4CCA}.Release|Any CPU.ActiveCfg = Release|Any CPU
		{1C3B7EF1-A949-4F6A-9BC3-39A696EB4CCA}.Release|Any CPU.Build.0 = Release|Any CPU
	EndGlobalSection
	GlobalSection(SolutionProperties) = preSolution
		HideSolutionNode = FALSE
	EndGlobalSection
	GlobalSection(ExtensibilityGlobals) = postSolution
		SolutionGuid = {C80443FC-E2CF-4749-A3A3-BCDC3B0B25CF}
	EndGlobalSection
EndGlobal
